
Microsoft Visual Studio Solution File, Format Version 12.00
# Visual Studio Version 17
VisualStudioVersion = 17.3.32901.215
MinimumVisualStudioVersion = 10.0.40219.1
Project("{FAE04EC0-301F-11D3-BF4B-00C04F79EFBC}") = "HumanResourcesApplication_DoAn", "HumanResourcesApplication_DoAn\HumanResourcesApplication_DoAn.csproj", "{71A863D5-AF9D-484C-88D4-AA138C9F0722}"
EndProject
Global
	GlobalSection(SolutionConfigurationPlatforms) = preSolution
		Debug|Any CPU = Debug|Any CPU
		Release|Any CPU = Release|Any CPU
	EndGlobalSection
	GlobalSection(ProjectConfigurationPlatforms) = postSolution
		{71A863D5-AF9D-484C-88D4-AA138C9F0722}.Debug|Any CPU.ActiveCfg = Debug|Any CPU
		{71A863D5-AF9D-484C-88D4-AA138C9F0722}.Debug|Any CPU.Build.0 = Debug|Any CPU
		{71A863D5-AF9D-484C-88D4-AA138C9F0722}.Release|Any CPU.ActiveCfg = Release|Any CPU
		{71A863D5-AF9D-484C-88D4-AA138C9F0722}.Release|Any CPU.Build.0 = Release|Any CPU
	EndGlobalSection
	GlobalSection(SolutionProperties) = preSolution
		HideSolutionNode = FALSE
	EndGlobalSection
	GlobalSection(ExtensibilityGlobals) = postSolution
		SolutionGuid = {56844445-8D1C-42BD-BBA8-75835AA5D152}
	EndGlobalSection
EndGlobal
